
Microsoft Visual Studio Solution File, Format Version 12.00
# Visual Studio Version 16
VisualStudioVersion = 16.0.29709.97
MinimumVisualStudioVersion = 10.0.40219.1
Project("{FAE04EC0-301F-11D3-BF4B-00C04F79EFBC}") = "Taxi.Common", "Taxi.Common\Taxi.Common.csproj", "{E42B6F00-85CC-4DBD-A407-17F75C3B1FB5}"
EndProject
Project("{FAE04EC0-301F-11D3-BF4B-00C04F79EFBC}") = "Taxi.Web", "Taxi.Web\Taxi.Web.csproj", "{D6864A91-0461-4AD4-9A3A-7462721ABC59}"
EndProject
Project("{FAE04EC0-301F-11D3-BF4B-00C04F79EFBC}") = "Taxi.Prism", "Taxi.Prism\Taxi.Prism\Taxi.Prism.csproj", "{FAD6F017-1156-429F-97E5-3E1DDCA161CB}"
EndProject
Project("{FAE04EC0-301F-11D3-BF4B-00C04F79EFBC}") = "Taxi.Prism.Android", "Taxi.Prism\Taxi.Prism.Android\Taxi.Prism.Android.csproj", "{AB497633-994C-4218-A91E-D6F806532511}"
EndProject
Project("{FAE04EC0-301F-11D3-BF4B-00C04F79EFBC}") = "Taxi.Prism.iOS", "Taxi.Prism\Taxi.Prism.iOS\Taxi.Prism.iOS.csproj", "{0F8F8291-E169-4488-9A7C-6CD20DB2DF3C}"
EndProject
Project("{FAE04EC0-301F-11D3-BF4B-00C04F79EFBC}") = "Taxi.Cross.Android", "Taxi.Cross.Android\Taxi.Cross.Android.csproj", "{5A57DAA5-6952-4CAD-AD84-E19969ACB82C}"
EndProject
Project("{FAE04EC0-301F-11D3-BF4B-00C04F79EFBC}") = "Taxi.Cross.iOS", "Taxi.Cross.iOS\Taxi.Cross.iOS.csproj", "{C7A963B0-D343-4606-85BF-1A468F337A92}"
EndProject
Global
	GlobalSection(SolutionConfigurationPlatforms) = preSolution
		Ad-Hoc|Any CPU = Ad-Hoc|Any CPU
		Ad-Hoc|iPhone = Ad-Hoc|iPhone
		Ad-Hoc|iPhoneSimulator = Ad-Hoc|iPhoneSimulator
		AppStore|Any CPU = AppStore|Any CPU
		AppStore|iPhone = AppStore|iPhone
		AppStore|iPhoneSimulator = AppStore|iPhoneSimulator
		Debug|Any CPU = Debug|Any CPU
		Debug|iPhone = Debug|iPhone
		Debug|iPhoneSimulator = Debug|iPhoneSimulator
		Release|Any CPU = Release|Any CPU
		Release|iPhone = Release|iPhone
		Release|iPhoneSimulator = Release|iPhoneSimulator
	EndGlobalSection
	GlobalSection(ProjectConfigurationPlatforms) = postSolution
		{E42B6F00-85CC-4DBD-A407-17F75C3B1FB5}.Ad-Hoc|Any CPU.ActiveCfg = Debug|Any CPU
		{E42B6F00-85CC-4DBD-A407-17F75C3B1FB5}.Ad-Hoc|Any CPU.Build.0 = Debug|Any CPU
		{E42B6F00-85CC-4DBD-A407-17F75C3B1FB5}.Ad-Hoc|iPhone.ActiveCfg = Debug|Any CPU
		{E42B6F00-85CC-4DBD-A407-17F75C3B1FB5}.Ad-Hoc|iPhone.Build.0 = Debug|Any CPU
		{E42B6F00-85CC-4DBD-A407-17F75C3B1FB5}.Ad-Hoc|iPhoneSimulator.ActiveCfg = Debug|Any CPU
		{E42B6F00-85CC-4DBD-A407-17F75C3B1FB5}.Ad-Hoc|iPhoneSimulator.Build.0 = Debug|Any CPU
		{E42B6F00-85CC-4DBD-A407-17F75C3B1FB5}.AppStore|Any CPU.ActiveCfg = Debug|Any CPU
		{E42B6F00-85CC-4DBD-A407-17F75C3B1FB5}.AppStore|Any CPU.Build.0 = Debug|Any CPU
		{E42B6F00-85CC-4DBD-A407-17F75C3B1FB5}.AppStore|iPhone.ActiveCfg = Debug|Any CPU
		{E42B6F00-85CC-4DBD-A407-17F75C3B1FB5}.AppStore|iPhone.Build.0 = Debug|Any CPU
		{E42B6F00-85CC-4DBD-A407-17F75C3B1FB5}.AppStore|iPhoneSimulator.ActiveCfg = Debug|Any CPU
		{E42B6F00-85CC-4DBD-A407-17F75C3B1FB5}.AppStore|iPhoneSimulator.Build.0 = Debug|Any CPU
		{E42B6F00-85CC-4DBD-A407-17F75C3B1FB5}.Debug|Any CPU.ActiveCfg = Debug|Any CPU
		{E42B6F00-85CC-4DBD-A407-17F75C3B1FB5}.Debug|Any CPU.Build.0 = Debug|Any CPU
		{E42B6F00-85CC-4DBD-A407-17F75C3B1FB5}.Debug|iPhone.ActiveCfg = Debug|Any CPU
		{E42B6F00-85CC-4DBD-A407-17F75C3B1FB5}.Debug|iPhone.Build.0 = Debug|Any CPU
		{E42B6F00-85CC-4DBD-A407-17F75C3B1FB5}.Debug|iPhoneSimulator.ActiveCfg = Debug|Any CPU
		{E42B6F00-85CC-4DBD-A407-17F75C3B1FB5}.Debug|iPhoneSimulator.Build.0 = Debug|Any CPU
		{E42B6F00-85CC-4DBD-A407-17F75C3B1FB5}.Release|Any CPU.ActiveCfg = Release|Any CPU
		{E42B6F00-85CC-4DBD-A407-17F75C3B1FB5}.Release|Any CPU.Build.0 = Release|Any CPU
		{E42B6F00-85CC-4DBD-A407-17F75C3B1FB5}.Release|iPhone.ActiveCfg = Release|Any CPU
		{E42B6F00-85CC-4DBD-A407-17F75C3B1FB5}.Release|iPhone.Build.0 = Release|Any CPU
		{E42B6F00-85CC-4DBD-A407-17F75C3B1FB5}.Release|iPhoneSimulator.ActiveCfg = Release|Any CPU
		{E42B6F00-85CC-4DBD-A407-17F75C3B1FB5}.Release|iPhoneSimulator.Build.0 = Release|Any CPU
		{D6864A91-0461-4AD4-9A3A-7462721ABC59}.Ad-Hoc|Any CPU.ActiveCfg = Debug|Any CPU
		{D6864A91-0461-4AD4-9A3A-7462721ABC59}.Ad-Hoc|Any CPU.Build.0 = Debug|Any CPU
		{D6864A91-0461-4AD4-9A3A-7462721ABC59}.Ad-Hoc|iPhone.ActiveCfg = Debug|Any CPU
		{D6864A91-0461-4AD4-9A3A-7462721ABC59}.Ad-Hoc|iPhone.Build.0 = Debug|Any CPU
		{D6864A91-0461-4AD4-9A3A-7462721ABC59}.Ad-Hoc|iPhoneSimulator.ActiveCfg = Debug|Any CPU
		{D6864A91-0461-4AD4-9A3A-7462721ABC59}.Ad-Hoc|iPhoneSimulator.Build.0 = Debug|Any CPU
		{D6864A91-0461-4AD4-9A3A-7462721ABC59}.AppStore|Any CPU.ActiveCfg = Debug|Any CPU
		{D6864A91-0461-4AD4-9A3A-7462721ABC59}.AppStore|Any CPU.Build.0 = Debug|Any CPU
		{D6864A91-0461-4AD4-9A3A-7462721ABC59}.AppStore|iPhone.ActiveCfg = Debug|Any CPU
		{D6864A91-0461-4AD4-9A3A-7462721ABC59}.AppStore|iPhone.Build.0 = Debug|Any CPU
		{D6864A91-0461-4AD4-9A3A-7462721ABC59}.AppStore|iPhoneSimulator.ActiveCfg = Debug|Any CPU
		{D6864A91-0461-4AD4-9A3A-7462721ABC59}.AppStore|iPhoneSimulator.Build.0 = Debug|Any CPU
		{D6864A91-0461-4AD4-9A3A-7462721ABC59}.Debug|Any CPU.ActiveCfg = Debug|Any CPU
		{D6864A91-0461-4AD4-9A3A-7462721ABC59}.Debug|Any CPU.Build.0 = Debug|Any CPU
		{D6864A91-0461-4AD4-9A3A-7462721ABC59}.Debug|iPhone.ActiveCfg = Debug|Any CPU
		{D6864A91-0461-4AD4-9A3A-7462721ABC59}.Debug|iPhone.Build.0 = Debug|Any CPU
		{D6864A91-0461-4AD4-9A3A-7462721ABC59}.Debug|iPhoneSimulator.ActiveCfg = Debug|Any CPU
		{D6864A91-0461-4AD4-9A3A-7462721ABC59}.Debug|iPhoneSimulator.Build.0 = Debug|Any CPU
		{D6864A91-0461-4AD4-9A3A-7462721ABC59}.Release|Any CPU.ActiveCfg = Release|Any CPU
		{D6864A91-0461-4AD4-9A3A-7462721ABC59}.Release|Any CPU.Build.0 = Release|Any CPU
		{D6864A91-0461-4AD4-9A3A-7462721ABC59}.Release|iPhone.ActiveCfg = Release|Any CPU
		{D6864A91-0461-4AD4-9A3A-7462721ABC59}.Release|iPhone.Build.0 = Release|Any CPU
		{D6864A91-0461-4AD4-9A3A-7462721ABC59}.Release|iPhoneSimulator.ActiveCfg = Release|Any CPU
		{D6864A91-0461-4AD4-9A3A-7462721ABC59}.Release|iPhoneSimulator.Build.0 = Release|Any CPU
		{FAD6F017-1156-429F-97E5-3E1DDCA161CB}.Ad-Hoc|Any CPU.ActiveCfg = Debug|Any CPU
		{FAD6F017-1156-429F-97E5-3E1DDCA161CB}.Ad-Hoc|Any CPU.Build.0 = Debug|Any CPU
		{FAD6F017-1156-429F-97E5-3E1DDCA161CB}.Ad-Hoc|iPhone.ActiveCfg = Debug|Any CPU
		{FAD6F017-1156-429F-97E5-3E1DDCA161CB}.Ad-Hoc|iPhone.Build.0 = Debug|Any CPU
		{FAD6F017-1156-429F-97E5-3E1DDCA161CB}.Ad-Hoc|iPhoneSimulator.ActiveCfg = Debug|Any CPU
		{FAD6F017-1156-429F-97E5-3E1DDCA161CB}.Ad-Hoc|iPhoneSimulator.Build.0 = Debug|Any CPU
		{FAD6F017-1156-429F-97E5-3E1DDCA161CB}.AppStore|Any CPU.ActiveCfg = Debug|Any CPU
		{FAD6F017-1156-429F-97E5-3E1DDCA161CB}.AppStore|Any CPU.Build.0 = Debug|Any CPU
		{FAD6F017-1156-429F-97E5-3E1DDCA161CB}.AppStore|iPhone.ActiveCfg = Debug|Any CPU
		{FAD6F017-1156-429F-97E5-3E1DDCA161CB}.AppStore|iPhone.Build.0 = Debug|Any CPU
		{FAD6F017-1156-429F-97E5-3E1DDCA161CB}.AppStore|iPhoneSimulator.ActiveCfg = Debug|Any CPU
		{FAD6F017-1156-429F-97E5-3E1DDCA161CB}.AppStore|iPhoneSimulator.Build.0 = Debug|Any CPU
		{FAD6F017-1156-429F-97E5-3E1DDCA161CB}.Debug|Any CPU.ActiveCfg = Debug|Any CPU
		{FAD6F017-1156-429F-97E5-3E1DDCA161CB}.Debug|Any CPU.Build.0 = Debug|Any CPU
		{FAD6F017-1156-429F-97E5-3E1DDCA161CB}.Debug|iPhone.ActiveCfg = Debug|Any CPU
		{FAD6F017-1156-429F-97E5-3E1DDCA161CB}.Debug|iPhone.Build.0 = Debug|Any CPU
		{FAD6F017-1156-429F-97E5-3E1DDCA161CB}.Debug|iPhoneSimulator.ActiveCfg = Debug|Any CPU
		{FAD6F017-1156-429F-97E5-3E1DDCA161CB}.Debug|iPhoneSimulator.Build.0 = Debug|Any CPU
		{FAD6F017-1156-429F-97E5-3E1DDCA161CB}.Release|Any CPU.ActiveCfg = Release|Any CPU
		{FAD6F017-1156-429F-97E5-3E1DDCA161CB}.Release|Any CPU.Build.0 = Release|Any CPU
		{FAD6F017-1156-429F-97E5-3E1DDCA161CB}.Release|iPhone.ActiveCfg = Release|Any CPU
		{FAD6F017-1156-429F-97E5-3E1DDCA161CB}.Release|iPhone.Build.0 = Release|Any CPU
		{FAD6F017-1156-429F-97E5-3E1DDCA161CB}.Release|iPhoneSimulator.ActiveCfg = Release|Any CPU
		{FAD6F017-1156-429F-97E5-3E1DDCA161CB}.Release|iPhoneSimulator.Build.0 = Release|Any CPU
		{AB497633-994C-4218-A91E-D6F806532511}.Ad-Hoc|Any CPU.ActiveCfg = Release|Any CPU
		{AB497633-994C-4218-A91E-D6F806532511}.Ad-Hoc|Any CPU.Build.0 = Release|Any CPU
		{AB497633-994C-4218-A91E-D6F806532511}.Ad-Hoc|Any CPU.Deploy.0 = Release|Any CPU
		{AB497633-994C-4218-A91E-D6F806532511}.Ad-Hoc|iPhone.ActiveCfg = Release|Any CPU
		{AB497633-994C-4218-A91E-D6F806532511}.Ad-Hoc|iPhone.Build.0 = Release|Any CPU
		{AB497633-994C-4218-A91E-D6F806532511}.Ad-Hoc|iPhone.Deploy.0 = Release|Any CPU
		{AB497633-994C-4218-A91E-D6F806532511}.Ad-Hoc|iPhoneSimulator.ActiveCfg = Release|Any CPU
		{AB497633-994C-4218-A91E-D6F806532511}.Ad-Hoc|iPhoneSimulator.Build.0 = Release|Any CPU
		{AB497633-994C-4218-A91E-D6F806532511}.Ad-Hoc|iPhoneSimulator.Deploy.0 = Release|Any CPU
		{AB497633-994C-4218-A91E-D6F806532511}.AppStore|Any CPU.ActiveCfg = Release|Any CPU
		{AB497633-994C-4218-A91E-D6F806532511}.AppStore|Any CPU.Build.0 = Release|Any CPU
		{AB497633-994C-4218-A91E-D6F806532511}.AppStore|Any CPU.Deploy.0 = Release|Any CPU
		{AB497633-994C-4218-A91E-D6F806532511}.AppStore|iPhone.ActiveCfg = Release|Any CPU
		{AB497633-994C-4218-A91E-D6F806532511}.AppStore|iPhone.Build.0 = Release|Any CPU
		{AB497633-994C-4218-A91E-D6F806532511}.AppStore|iPhone.Deploy.0 = Release|Any CPU
		{AB497633-994C-4218-A91E-D6F806532511}.AppStore|iPhoneSimulator.ActiveCfg = Release|Any CPU
		{AB497633-994C-4218-A91E-D6F806532511}.AppStore|iPhoneSimulator.Build.0 = Release|Any CPU
		{AB497633-994C-4218-A91E-D6F806532511}.AppStore|iPhoneSimulator.Deploy.0 = Release|Any CPU
		{AB497633-994C-4218-A91E-D6F806532511}.Debug|Any CPU.ActiveCfg = Debug|Any CPU
		{AB497633-994C-4218-A91E-D6F806532511}.Debug|Any CPU.Build.0 = Debug|Any CPU
		{AB497633-994C-4218-A91E-D6F806532511}.Debug|Any CPU.Deploy.0 = Debug|Any CPU
		{AB497633-994C-4218-A91E-D6F806532511}.Debug|iPhone.ActiveCfg = Debug|Any CPU
		{AB497633-994C-4218-A91E-D6F806532511}.Debug|iPhone.Build.0 = Debug|Any CPU
		{AB497633-994C-4218-A91E-D6F806532511}.Debug|iPhone.Deploy.0 = Debug|Any CPU
		{AB497633-994C-4218-A91E-D6F806532511}.Debug|iPhoneSimulator.ActiveCfg = Debug|Any CPU
		{AB497633-994C-4218-A91E-D6F806532511}.Debug|iPhoneSimulator.Build.0 = Debug|Any CPU
		{AB497633-994C-4218-A91E-D6F806532511}.Debug|iPhoneSimulator.Deploy.0 = Debug|Any CPU
		{AB497633-994C-4218-A91E-D6F806532511}.Release|Any CPU.ActiveCfg = Release|Any CPU
		{AB497633-994C-4218-A91E-D6F806532511}.Release|Any CPU.Build.0 = Release|Any CPU
		{AB497633-994C-4218-A91E-D6F806532511}.Release|Any CPU.Deploy.0 = Release|Any CPU
		{AB497633-994C-4218-A91E-D6F806532511}.Release|iPhone.ActiveCfg = Release|Any CPU
		{AB497633-994C-4218-A91E-D6F806532511}.Release|iPhone.Build.0 = Release|Any CPU
		{AB497633-994C-4218-A91E-D6F806532511}.Release|iPhone.Deploy.0 = Release|Any CPU
		{AB497633-994C-4218-A91E-D6F806532511}.Release|iPhoneSimulator.ActiveCfg = Release|Any CPU
		{AB497633-994C-4218-A91E-D6F806532511}.Release|iPhoneSimulator.Build.0 = Release|Any CPU
		{AB497633-994C-4218-A91E-D6F806532511}.Release|iPhoneSimulator.Deploy.0 = Release|Any CPU
		{0F8F8291-E169-4488-9A7C-6CD20DB2DF3C}.Ad-Hoc|Any CPU.ActiveCfg = Ad-Hoc|iPhone
		{0F8F8291-E169-4488-9A7C-6CD20DB2DF3C}.Ad-Hoc|iPhone.ActiveCfg = Ad-Hoc|iPhone
		{0F8F8291-E169-4488-9A7C-6CD20DB2DF3C}.Ad-Hoc|iPhone.Build.0 = Ad-Hoc|iPhone
		{0F8F8291-E169-4488-9A7C-6CD20DB2DF3C}.Ad-Hoc|iPhoneSimulator.ActiveCfg = Ad-Hoc|iPhoneSimulator
		{0F8F8291-E169-4488-9A7C-6CD20DB2DF3C}.Ad-Hoc|iPhoneSimulator.Build.0 = Ad-Hoc|iPhoneSimulator
		{0F8F8291-E169-4488-9A7C-6CD20DB2DF3C}.AppStore|Any CPU.ActiveCfg = AppStore|iPhone
		{0F8F8291-E169-4488-9A7C-6CD20DB2DF3C}.AppStore|iPhone.ActiveCfg = AppStore|iPhone
		{0F8F8291-E169-4488-9A7C-6CD20DB2DF3C}.AppStore|iPhone.Build.0 = AppStore|iPhone
		{0F8F8291-E169-4488-9A7C-6CD20DB2DF3C}.AppStore|iPhoneSimulator.ActiveCfg = AppStore|iPhoneSimulator
		{0F8F8291-E169-4488-9A7C-6CD20DB2DF3C}.AppStore|iPhoneSimulator.Build.0 = AppStore|iPhoneSimulator
		{0F8F8291-E169-4488-9A7C-6CD20DB2DF3C}.Debug|Any CPU.ActiveCfg = Debug|iPhone
		{0F8F8291-E169-4488-9A7C-6CD20DB2DF3C}.Debug|iPhone.ActiveCfg = Debug|iPhone
		{0F8F8291-E169-4488-9A7C-6CD20DB2DF3C}.Debug|iPhone.Build.0 = Debug|iPhone
		{0F8F8291-E169-4488-9A7C-6CD20DB2DF3C}.Debug|iPhoneSimulator.ActiveCfg = Debug|iPhoneSimulator
		{0F8F8291-E169-4488-9A7C-6CD20DB2DF3C}.Debug|iPhoneSimulator.Build.0 = Debug|iPhoneSimulator
		{0F8F8291-E169-4488-9A7C-6CD20DB2DF3C}.Release|Any CPU.ActiveCfg = Release|iPhone
		{0F8F8291-E169-4488-9A7C-6CD20DB2DF3C}.Release|iPhone.ActiveCfg = Release|iPhone
		{0F8F8291-E169-4488-9A7C-6CD20DB2DF3C}.Release|iPhone.Build.0 = Release|iPhone
		{0F8F8291-E169-4488-9A7C-6CD20DB2DF3C}.Release|iPhoneSimulator.ActiveCfg = Release|iPhoneSimulator
		{0F8F8291-E169-4488-9A7C-6CD20DB2DF3C}.Release|iPhoneSimulator.Build.0 = Release|iPhoneSimulator
		{5A57DAA5-6952-4CAD-AD84-E19969ACB82C}.Ad-Hoc|Any CPU.ActiveCfg = Release|Any CPU
		{5A57DAA5-6952-4CAD-AD84-E19969ACB82C}.Ad-Hoc|Any CPU.Build.0 = Release|Any CPU
		{5A57DAA5-6952-4CAD-AD84-E19969ACB82C}.Ad-Hoc|Any CPU.Deploy.0 = Release|Any CPU
		{5A57DAA5-6952-4CAD-AD84-E19969ACB82C}.Ad-Hoc|iPhone.ActiveCfg = Release|Any CPU
		{5A57DAA5-6952-4CAD-AD84-E19969ACB82C}.Ad-Hoc|iPhone.Build.0 = Release|Any CPU
		{5A57DAA5-6952-4CAD-AD84-E19969ACB82C}.Ad-Hoc|iPhone.Deploy.0 = Release|Any CPU
		{5A57DAA5-6952-4CAD-AD84-E19969ACB82C}.Ad-Hoc|iPhoneSimulator.ActiveCfg = Release|Any CPU
		{5A57DAA5-6952-4CAD-AD84-E19969ACB82C}.Ad-Hoc|iPhoneSimulator.Build.0 = Release|Any CPU
		{5A57DAA5-6952-4CAD-AD84-E19969ACB82C}.Ad-Hoc|iPhoneSimulator.Deploy.0 = Release|Any CPU
		{5A57DAA5-6952-4CAD-AD84-E19969ACB82C}.AppStore|Any CPU.ActiveCfg = Release|Any CPU
		{5A57DAA5-6952-4CAD-AD84-E19969ACB82C}.AppStore|Any CPU.Build.0 = Release|Any CPU
		{5A57DAA5-6952-4CAD-AD84-E19969ACB82C}.AppStore|Any CPU.Deploy.0 = Release|Any CPU
		{5A57DAA5-6952-4CAD-AD84-E19969ACB82C}.AppStore|iPhone.ActiveCfg = Release|Any CPU
		{5A57DAA5-6952-4CAD-AD84-E19969ACB82C}.AppStore|iPhone.Build.0 = Release|Any CPU
		{5A57DAA5-6952-4CAD-AD84-E19969ACB82C}.AppStore|iPhone.Deploy.0 = Release|Any CPU
		{5A57DAA5-6952-4CAD-AD84-E19969ACB82C}.AppStore|iPhoneSimulator.ActiveCfg = Release|Any CPU
		{5A57DAA5-6952-4CAD-AD84-E19969ACB82C}.AppStore|iPhoneSimulator.Build.0 = Release|Any CPU
		{5A57DAA5-6952-4CAD-AD84-E19969ACB82C}.AppStore|iPhoneSimulator.Deploy.0 = Release|Any CPU
		{5A57DAA5-6952-4CAD-AD84-E19969ACB82C}.Debug|Any CPU.ActiveCfg = Debug|Any CPU
		{5A57DAA5-6952-4CAD-AD84-E19969ACB82C}.Debug|Any CPU.Build.0 = Debug|Any CPU
		{5A57DAA5-6952-4CAD-AD84-E19969ACB82C}.Debug|Any CPU.Deploy.0 = Debug|Any CPU
		{5A57DAA5-6952-4CAD-AD84-E19969ACB82C}.Debug|iPhone.ActiveCfg = Debug|Any CPU
		{5A57DAA5-6952-4CAD-AD84-E19969ACB82C}.Debug|iPhone.Build.0 = Debug|Any CPU
		{5A57DAA5-6952-4CAD-AD84-E19969ACB82C}.Debug|iPhone.Deploy.0 = Debug|Any CPU
		{5A57DAA5-6952-4CAD-AD84-E19969ACB82C}.Debug|iPhoneSimulator.ActiveCfg = Debug|Any CPU
		{5A57DAA5-6952-4CAD-AD84-E19969ACB82C}.Debug|iPhoneSimulator.Build.0 = Debug|Any CPU
		{5A57DAA5-6952-4CAD-AD84-E19969ACB82C}.Debug|iPhoneSimulator.Deploy.0 = Debug|Any CPU
		{5A57DAA5-6952-4CAD-AD84-E19969ACB82C}.Release|Any CPU.ActiveCfg = Release|Any CPU
		{5A57DAA5-6952-4CAD-AD84-E19969ACB82C}.Release|Any CPU.Build.0 = Release|Any CPU
		{5A57DAA5-6952-4CAD-AD84-E19969ACB82C}.Release|Any CPU.Deploy.0 = Release|Any CPU
		{5A57DAA5-6952-4CAD-AD84-E19969ACB82C}.Release|iPhone.ActiveCfg = Release|Any CPU
		{5A57DAA5-6952-4CAD-AD84-E19969ACB82C}.Release|iPhone.Build.0 = Release|Any CPU
		{5A57DAA5-6952-4CAD-AD84-E19969ACB82C}.Release|iPhone.Deploy.0 = Release|Any CPU
		{5A57DAA5-6952-4CAD-AD84-E19969ACB82C}.Release|iPhoneSimulator.ActiveCfg = Release|Any CPU
		{5A57DAA5-6952-4CAD-AD84-E19969ACB82C}.Release|iPhoneSimulator.Build.0 = Release|Any CPU
		{5A57DAA5-6952-4CAD-AD84-E19969ACB82C}.Release|iPhoneSimulator.Deploy.0 = Release|Any CPU
		{C7A963B0-D343-4606-85BF-1A468F337A92}.Ad-Hoc|Any CPU.ActiveCfg = Release|iPhone
		{C7A963B0-D343-4606-85BF-1A468F337A92}.Ad-Hoc|Any CPU.Build.0 = Release|iPhone
		{C7A963B0-D343-4606-85BF-1A468F337A92}.Ad-Hoc|iPhone.ActiveCfg = Release|iPhone
		{C7A963B0-D343-4606-85BF-1A468F337A92}.Ad-Hoc|iPhone.Build.0 = Release|iPhone
		{C7A963B0-D343-4606-85BF-1A468F337A92}.Ad-Hoc|iPhoneSimulator.ActiveCfg = Release|iPhoneSimulator
		{C7A963B0-D343-4606-85BF-1A468F337A92}.Ad-Hoc|iPhoneSimulator.Build.0 = Release|iPhoneSimulator
		{C7A963B0-D343-4606-85BF-1A468F337A92}.AppStore|Any CPU.ActiveCfg = Release|iPhone
		{C7A963B0-D343-4606-85BF-1A468F337A92}.AppStore|Any CPU.Build.0 = Release|iPhone
		{C7A963B0-D343-4606-85BF-1A468F337A92}.AppStore|iPhone.ActiveCfg = Release|iPhone
		{C7A963B0-D343-4606-85BF-1A468F337A92}.AppStore|iPhone.Build.0 = Release|iPhone
		{C7A963B0-D343-4606-85BF-1A468F337A92}.AppStore|iPhoneSimulator.ActiveCfg = Release|iPhoneSimulator
		{C7A963B0-D343-4606-85BF-1A468F337A92}.AppStore|iPhoneSimulator.Build.0 = Release|iPhoneSimulator
		{C7A963B0-D343-4606-85BF-1A468F337A92}.Debug|Any CPU.ActiveCfg = Debug|iPhone
		{C7A963B0-D343-4606-85BF-1A468F337A92}.Debug|iPhone.ActiveCfg = Debug|iPhone
		{C7A963B0-D343-4606-85BF-1A468F337A92}.Debug|iPhone.Build.0 = Debug|iPhone
		{C7A963B0-D343-4606-85BF-1A468F337A92}.Debug|iPhoneSimulator.ActiveCfg = Debug|iPhoneSimulator
		{C7A963B0-D343-4606-85BF-1A468F337A92}.Debug|iPhoneSimulator.Build.0 = Debug|iPhoneSimulator
		{C7A963B0-D343-4606-85BF-1A468F337A92}.Release|Any CPU.ActiveCfg = Release|iPhone
		{C7A963B0-D343-4606-85BF-1A468F337A92}.Release|iPhone.ActiveCfg = Release|iPhone
		{C7A963B0-D343-4606-85BF-1A468F337A92}.Release|iPhone.Build.0 = Release|iPhone
		{C7A963B0-D343-4606-85BF-1A468F337A92}.Release|iPhoneSimulator.ActiveCfg = Release|iPhoneSimulator
		{C7A963B0-D343-4606-85BF-1A468F337A92}.Release|iPhoneSimulator.Build.0 = Release|iPhoneSimulator
	EndGlobalSection
	GlobalSection(SolutionProperties) = preSolution
		HideSolutionNode = FALSE
	EndGlobalSection
	GlobalSection(ExtensibilityGlobals) = postSolution
		SolutionGuid = {B37FD9EA-AC6C-40A0-B7A5-78C2D99A9D6B}
	EndGlobalSection
EndGlobal
